
Microsoft Visual Studio Solution File, Format Version 12.00
# Visual Studio 15
VisualStudioVersion = 15.0.27130.2027
MinimumVisualStudioVersion = 10.0.40219.1
Project("{FAE04EC0-301F-11D3-BF4B-00C04F79EFBC}") = "RxFramework", "RxFramework\RxFramework.csproj", "{BDE6C241-F9DE-437D-A4BC-8A3BCB8AD54B}"
EndProject
Project("{FAE04EC0-301F-11D3-BF4B-00C04F79EFBC}") = "Tests", "Tests\Tests.csproj", "{66476D44-1035-48FC-999E-E58EF293E9CC}"
EndProject
Project("{FAE04EC0-301F-11D3-BF4B-00C04F79EFBC}") = "FormsAndLocators", "FormsAndLocators\FormsAndLocators.csproj", "{9DBA2B5B-3DE5-40F5-969C-B13C20F5B753}"
EndProject
Global
	GlobalSection(SolutionConfigurationPlatforms) = preSolution
		Debug|Any CPU = Debug|Any CPU
		Release|Any CPU = Release|Any CPU
	EndGlobalSection
	GlobalSection(ProjectConfigurationPlatforms) = postSolution
		{BDE6C241-F9DE-437D-A4BC-8A3BCB8AD54B}.Debug|Any CPU.ActiveCfg = Debug|Any CPU
		{BDE6C241-F9DE-437D-A4BC-8A3BCB8AD54B}.Debug|Any CPU.Build.0 = Debug|Any CPU
		{BDE6C241-F9DE-437D-A4BC-8A3BCB8AD54B}.Release|Any CPU.ActiveCfg = Release|Any CPU
		{BDE6C241-F9DE-437D-A4BC-8A3BCB8AD54B}.Release|Any CPU.Build.0 = Release|Any CPU
		{66476D44-1035-48FC-999E-E58EF293E9CC}.Debug|Any CPU.ActiveCfg = Debug|Any CPU
		{66476D44-1035-48FC-999E-E58EF293E9CC}.Debug|Any CPU.Build.0 = Debug|Any CPU
		{66476D44-1035-48FC-999E-E58EF293E9CC}.Release|Any CPU.ActiveCfg = Release|Any CPU
		{66476D44-1035-48FC-999E-E58EF293E9CC}.Release|Any CPU.Build.0 = Release|Any CPU
		{9DBA2B5B-3DE5-40F5-969C-B13C20F5B753}.Debug|Any CPU.ActiveCfg = Debug|Any CPU
		{9DBA2B5B-3DE5-40F5-969C-B13C20F5B753}.Debug|Any CPU.Build.0 = Debug|Any CPU
		{9DBA2B5B-3DE5-40F5-969C-B13C20F5B753}.Release|Any CPU.ActiveCfg = Release|Any CPU
		{9DBA2B5B-3DE5-40F5-969C-B13C20F5B753}.Release|Any CPU.Build.0 = Release|Any CPU
	EndGlobalSection
	GlobalSection(SolutionProperties) = preSolution
		HideSolutionNode = FALSE
	EndGlobalSection
	GlobalSection(ExtensibilityGlobals) = postSolution
		SolutionGuid = {F32C703C-5492-43EE-9ACA-C2981AF8EA13}
	EndGlobalSection
EndGlobal
